
Microsoft Visual Studio Solution File, Format Version 12.00
# Visual Studio 15
VisualStudioVersion = 15.0.27703.2035
MinimumVisualStudioVersion = 10.0.40219.1
Project("{9A19103F-16F7-4668-BE54-9A1E7A4F7556}") = "Electronics.Web", "WebApplication3\Electronics.Web.csproj", "{DD744F7A-4059-4477-BFA9-488E26343FF7}"
	ProjectSection(ProjectDependencies) = postProject
		{4B08A1B0-23F2-4E49-869D-1A38094E373D} = {4B08A1B0-23F2-4E49-869D-1A38094E373D}
	EndProjectSection
EndProject
Project("{9A19103F-16F7-4668-BE54-9A1E7A4F7556}") = "Electronics.Test", "Electronics.Test\Electronics.Test.csproj", "{BEE2CF1B-2B43-4F64-B368-DBF955A02EF9}"
EndProject
Project("{9A19103F-16F7-4668-BE54-9A1E7A4F7556}") = "Electronics.Models", "Electronics.Models\Electronics.Models.csproj", "{4B08A1B0-23F2-4E49-869D-1A38094E373D}"
EndProject
Global
	GlobalSection(SolutionConfigurationPlatforms) = preSolution
		Debug|Any CPU = Debug|Any CPU
		Release|Any CPU = Release|Any CPU
	EndGlobalSection
	GlobalSection(ProjectConfigurationPlatforms) = postSolution
		{DD744F7A-4059-4477-BFA9-488E26343FF7}.Debug|Any CPU.ActiveCfg = Debug|Any CPU
		{DD744F7A-4059-4477-BFA9-488E26343FF7}.Debug|Any CPU.Build.0 = Debug|Any CPU
		{DD744F7A-4059-4477-BFA9-488E26343FF7}.Release|Any CPU.ActiveCfg = Release|Any CPU
		{DD744F7A-4059-4477-BFA9-488E26343FF7}.Release|Any CPU.Build.0 = Release|Any CPU
		{BEE2CF1B-2B43-4F64-B368-DBF955A02EF9}.Debug|Any CPU.ActiveCfg = Debug|Any CPU
		{BEE2CF1B-2B43-4F64-B368-DBF955A02EF9}.Debug|Any CPU.Build.0 = Debug|Any CPU
		{BEE2CF1B-2B43-4F64-B368-DBF955A02EF9}.Release|Any CPU.ActiveCfg = Release|Any CPU
		{BEE2CF1B-2B43-4F64-B368-DBF955A02EF9}.Release|Any CPU.Build.0 = Release|Any CPU
		{4B08A1B0-23F2-4E49-869D-1A38094E373D}.Debug|Any CPU.ActiveCfg = Debug|Any CPU
		{4B08A1B0-23F2-4E49-869D-1A38094E373D}.Debug|Any CPU.Build.0 = Debug|Any CPU
		{4B08A1B0-23F2-4E49-869D-1A38094E373D}.Release|Any CPU.ActiveCfg = Release|Any CPU
		{4B08A1B0-23F2-4E49-869D-1A38094E373D}.Release|Any CPU.Build.0 = Release|Any CPU
	EndGlobalSection
	GlobalSection(SolutionProperties) = preSolution
		HideSolutionNode = FALSE
	EndGlobalSection
	GlobalSection(ExtensibilityGlobals) = postSolution
		SolutionGuid = {B99CCE97-4990-49A8-A20B-108B6537D4BB}
	EndGlobalSection
EndGlobal
